<?xml version="1.0" encoding="utf-8"?>
<Project ToolsVersion="4.0" xmlns="http://schemas.microsoft.com/developer/msbuild/2003">
  <ItemGroup>
    <Filter Include="Crown">
      <UniqueIdentifier>{0ED5FB0C-7AE9-23BE-436B-C71DAF3E20EF}</UniqueIdentifier>
    </Filter>
  </ItemGroup>
  <ItemGroup>
    <ClInclude Include="src\Crown.h" />
    <ClInclude Include="src\Crown\Application.h">
      <Filter>Crown</Filter>
    </ClInclude>
    <ClInclude Include="src\Crown\Core.h">
      <Filter>Crown</Filter>
    </ClInclude>
    <ClInclude Include="src\Crown\EntryPoint.h">
      <Filter>Crown</Filter>
    </ClInclude>
    <ClInclude Include="src\Crown\Log.h">
      <Filter>Crown</Filter>
    </ClInclude>
  </ItemGroup>
  <ItemGroup>
    <ClCompile Include="src\Crown\Application.cpp">
      <Filter>Crown</Filter>
    </ClCompile>
    <ClCompile Include="src\Crown\Log.cpp">
      <Filter>Crown</Filter>
    </ClCompile>
  </ItemGroup>
</Project>